
Microsoft Visual Studio Solution File, Format Version 12.00
# Visual Studio Version 17
VisualStudioVersion = 17.9.34723.18
MinimumVisualStudioVersion = 10.0.40219.1
Project("{FAE04EC0-301F-11D3-BF4B-00C04F79EFBC}") = "TaskSystem", "TaskManagementSystem\TaskSystem\TaskSystem.csproj", "{2C4B12F7-009E-4370-AC56-8975E3E9BE1B}"
EndProject
Project("{FAE04EC0-301F-11D3-BF4B-00C04F79EFBC}") = "TaskSystem.Tests", "TaskManagementSystem\TaskSystem.Tests\TaskSystem.Tests.csproj", "{9E3946D5-7F20-4ACC-BFF7-4C4B395CC7AF}"
EndProject
Global
	GlobalSection(SolutionConfigurationPlatforms) = preSolution
		Debug|Any CPU = Debug|Any CPU
		Release|Any CPU = Release|Any CPU
	EndGlobalSection
	GlobalSection(ProjectConfigurationPlatforms) = postSolution
		{2C4B12F7-009E-4370-AC56-8975E3E9BE1B}.Debug|Any CPU.ActiveCfg = Debug|Any CPU
		{2C4B12F7-009E-4370-AC56-8975E3E9BE1B}.Debug|Any CPU.Build.0 = Debug|Any CPU
		{2C4B12F7-009E-4370-AC56-8975E3E9BE1B}.Release|Any CPU.ActiveCfg = Release|Any CPU
		{2C4B12F7-009E-4370-AC56-8975E3E9BE1B}.Release|Any CPU.Build.0 = Release|Any CPU
		{9E3946D5-7F20-4ACC-BFF7-4C4B395CC7AF}.Debug|Any CPU.ActiveCfg = Debug|Any CPU
		{9E3946D5-7F20-4ACC-BFF7-4C4B395CC7AF}.Debug|Any CPU.Build.0 = Debug|Any CPU
		{9E3946D5-7F20-4ACC-BFF7-4C4B395CC7AF}.Release|Any CPU.ActiveCfg = Release|Any CPU
		{9E3946D5-7F20-4ACC-BFF7-4C4B395CC7AF}.Release|Any CPU.Build.0 = Release|Any CPU
	EndGlobalSection
	GlobalSection(SolutionProperties) = preSolution
		HideSolutionNode = FALSE
	EndGlobalSection
	GlobalSection(ExtensibilityGlobals) = postSolution
		SolutionGuid = {66D11B51-E03E-43B5-BA3D-07975F60EEEA}
	EndGlobalSection
EndGlobal
